
Microsoft Visual Studio Solution File, Format Version 12.00
# Visual Studio Version 16
VisualStudioVersion = 16.0.30114.105
MinimumVisualStudioVersion = 10.0.40219.1
Project("{FAE04EC0-301F-11D3-BF4B-00C04F79EFBC}") = "Route53Migration.Console", "Route53Migration.Console\Route53Migration.Console.csproj", "{F7420C77-CF62-4CFE-B736-BC59FEA6885A}"
EndProject
Project("{FAE04EC0-301F-11D3-BF4B-00C04F79EFBC}") = "Route53Migration.Test", "Route53Migration.Tests\Route53Migration.Test.csproj", "{4236A842-8CAB-49F5-B484-9C63F19D35C7}"
EndProject
Global
	GlobalSection(SolutionConfigurationPlatforms) = preSolution
		Debug|Any CPU = Debug|Any CPU
		Release|Any CPU = Release|Any CPU
	EndGlobalSection
	GlobalSection(SolutionProperties) = preSolution
		HideSolutionNode = FALSE
	EndGlobalSection
	GlobalSection(ProjectConfigurationPlatforms) = postSolution
		{F7420C77-CF62-4CFE-B736-BC59FEA6885A}.Debug|Any CPU.ActiveCfg = Debug|Any CPU
		{F7420C77-CF62-4CFE-B736-BC59FEA6885A}.Debug|Any CPU.Build.0 = Debug|Any CPU
		{F7420C77-CF62-4CFE-B736-BC59FEA6885A}.Release|Any CPU.ActiveCfg = Release|Any CPU
		{F7420C77-CF62-4CFE-B736-BC59FEA6885A}.Release|Any CPU.Build.0 = Release|Any CPU
		{4236A842-8CAB-49F5-B484-9C63F19D35C7}.Debug|Any CPU.ActiveCfg = Debug|Any CPU
		{4236A842-8CAB-49F5-B484-9C63F19D35C7}.Debug|Any CPU.Build.0 = Debug|Any CPU
		{4236A842-8CAB-49F5-B484-9C63F19D35C7}.Release|Any CPU.ActiveCfg = Release|Any CPU
		{4236A842-8CAB-49F5-B484-9C63F19D35C7}.Release|Any CPU.Build.0 = Release|Any CPU
	EndGlobalSection
EndGlobal
